// !$*UTF8*$!
{
	archiveVersion = 1;
	classes = {
	};
	objectVersion = 56;
	objects = {

/* Begin PBXBuildFile section */
		897BE64A2B025F7C00E7C9F5 /* DesignPatternsApp.swift in Sources */ = {isa = PBXBuildFile; fileRef = 897BE6492B025F7C00E7C9F5 /* DesignPatternsApp.swift */; };
		897BE64C2B025F7C00E7C9F5 /* ContentView.swift in Sources */ = {isa = PBXBuildFile; fileRef = 897BE64B2B025F7C00E7C9F5 /* ContentView.swift */; };
		897BE64E2B025F7C00E7C9F5 /* Assets.xcassets in Resources */ = {isa = PBXBuildFile; fileRef = 897BE64D2B025F7C00E7C9F5 /* Assets.xcassets */; };
		897BE6512B025F7C00E7C9F5 /* Preview Assets.xcassets in Resources */ = {isa = PBXBuildFile; fileRef = 897BE6502B025F7C00E7C9F5 /* Preview Assets.xcassets */; };
		897BE65A2B02613900E7C9F5 /* HtmlElement.swift in Sources */ = {isa = PBXBuildFile; fileRef = 897BE6592B02613900E7C9F5 /* HtmlElement.swift */; };
		897BE65C2B0263C300E7C9F5 /* HtmlBuilder.swift in Sources */ = {isa = PBXBuildFile; fileRef = 897BE65B2B0263C300E7C9F5 /* HtmlBuilder.swift */; };
		897BE6612B0267C100E7C9F5 /* Person.swift in Sources */ = {isa = PBXBuildFile; fileRef = 897BE6602B0267C100E7C9F5 /* Person.swift */; };
		897BE6632B02687500E7C9F5 /* PersonBuilder.swift in Sources */ = {isa = PBXBuildFile; fileRef = 897BE6622B02687500E7C9F5 /* PersonBuilder.swift */; };
		897BE6652B0268FA00E7C9F5 /* PersonAddressBuilder.swift in Sources */ = {isa = PBXBuildFile; fileRef = 897BE6642B0268FA00E7C9F5 /* PersonAddressBuilder.swift */; };
		897BE6672B0269AE00E7C9F5 /* PersonWorkBuilder.swift in Sources */ = {isa = PBXBuildFile; fileRef = 897BE6662B0269AE00E7C9F5 /* PersonWorkBuilder.swift */; };
		89C7BD9D2B02A0920042DA11 /* Point.swift in Sources */ = {isa = PBXBuildFile; fileRef = 89C7BD9C2B02A0920042DA11 /* Point.swift */; };
		89C7BD9F2B02A1F70042DA11 /* PointFactory.swift in Sources */ = {isa = PBXBuildFile; fileRef = 89C7BD9E2B02A1F70042DA11 /* PointFactory.swift */; };
		89C7BDA22B02A6170042DA11 /* Protocols.swift in Sources */ = {isa = PBXBuildFile; fileRef = 89C7BDA12B02A6170042DA11 /* Protocols.swift */; };
		89C7BDA42B02A66B0042DA11 /* Tea.swift in Sources */ = {isa = PBXBuildFile; fileRef = 89C7BDA32B02A66B0042DA11 /* Tea.swift */; };
		89C7BDA62B02A6920042DA11 /* Coffee.swift in Sources */ = {isa = PBXBuildFile; fileRef = 89C7BDA52B02A6920042DA11 /* Coffee.swift */; };
		89C7BDA82B02A6C70042DA11 /* TeaFactory.swift in Sources */ = {isa = PBXBuildFile; fileRef = 89C7BDA72B02A6C70042DA11 /* TeaFactory.swift */; };
		89C7BDAA2B02A6FC0042DA11 /* CoffeeFactory.swift in Sources */ = {isa = PBXBuildFile; fileRef = 89C7BDA92B02A6FC0042DA11 /* CoffeeFactory.swift */; };
		89C7BDAC2B02A7770042DA11 /* HotDrinkMachine.swift in Sources */ = {isa = PBXBuildFile; fileRef = 89C7BDAB2B02A7770042DA11 /* HotDrinkMachine.swift */; };
		89C7BDAF2B02CFF50042DA11 /* Copying.swift in Sources */ = {isa = PBXBuildFile; fileRef = 89C7BDAE2B02CFF50042DA11 /* Copying.swift */; };
		89C7BDB12B02D02C0042DA11 /* Address.swift in Sources */ = {isa = PBXBuildFile; fileRef = 89C7BDB02B02D02C0042DA11 /* Address.swift */; };
		89C7BDB32B02D0B80042DA11 /* Employee.swift in Sources */ = {isa = PBXBuildFile; fileRef = 89C7BDB22B02D0B80042DA11 /* Employee.swift */; };
		89C7BDB62B06D7190042DA11 /* SingletonDatabase.swift in Sources */ = {isa = PBXBuildFile; fileRef = 89C7BDB52B06D7190042DA11 /* SingletonDatabase.swift */; };
		89C7BDB82B06DA650042DA11 /* Monostate.swift in Sources */ = {isa = PBXBuildFile; fileRef = 89C7BDB72B06DA650042DA11 /* Monostate.swift */; };
		89C7BDBC2B07AD480042DA11 /* Point.swift in Sources */ = {isa = PBXBuildFile; fileRef = 89C7BDBB2B07AD480042DA11 /* Point.swift */; };
		89C7BDBE2B07AD9F0042DA11 /* Line.swift in Sources */ = {isa = PBXBuildFile; fileRef = 89C7BDBD2B07AD9F0042DA11 /* Line.swift */; };
		89C7BDC02B07ADF30042DA11 /* VectorObject.swift in Sources */ = {isa = PBXBuildFile; fileRef = 89C7BDBF2B07ADF30042DA11 /* VectorObject.swift */; };
		89C7BDC22B07AF950042DA11 /* VectorRectangle.swift in Sources */ = {isa = PBXBuildFile; fileRef = 89C7BDC12B07AF950042DA11 /* VectorRectangle.swift */; };
		89C7BDC42B07B0700042DA11 /* LineToPointAdapter.swift in Sources */ = {isa = PBXBuildFile; fileRef = 89C7BDC32B07B0700042DA11 /* LineToPointAdapter.swift */; };
		89C7BDC72B07B5E80042DA11 /* RendererProtocol.swift in Sources */ = {isa = PBXBuildFile; fileRef = 89C7BDC62B07B5E80042DA11 /* RendererProtocol.swift */; };
		89C7BDC92B07B61D0042DA11 /* VectorRenderer.swift in Sources */ = {isa = PBXBuildFile; fileRef = 89C7BDC82B07B61D0042DA11 /* VectorRenderer.swift */; };
		89C7BDCB2B07B66B0042DA11 /* RasterRenderer.swift in Sources */ = {isa = PBXBuildFile; fileRef = 89C7BDCA2B07B66B0042DA11 /* RasterRenderer.swift */; };
		89C7BDCD2B07B6A90042DA11 /* ShapeProtocol.swift in Sources */ = {isa = PBXBuildFile; fileRef = 89C7BDCC2B07B6A90042DA11 /* ShapeProtocol.swift */; };
		89C7BDCF2B07B6C70042DA11 /* Circle.swift in Sources */ = {isa = PBXBuildFile; fileRef = 89C7BDCE2B07B6C70042DA11 /* Circle.swift */; };
		89C7BDD42B10E2010042DA11 /* GraphicObject.swift in Sources */ = {isa = PBXBuildFile; fileRef = 89C7BDD32B10E2010042DA11 /* GraphicObject.swift */; };
		89C7BDD62B10E22C0042DA11 /* Circle.swift in Sources */ = {isa = PBXBuildFile; fileRef = 89C7BDD52B10E22C0042DA11 /* Circle.swift */; };
		89C7BDD82B10E2590042DA11 /* Square.swift in Sources */ = {isa = PBXBuildFile; fileRef = 89C7BDD72B10E2590042DA11 /* Square.swift */; };
		89C7BDDC2B14C7930042DA11 /* CodeBuilder.swift in Sources */ = {isa = PBXBuildFile; fileRef = 89C7BDDB2B14C7930042DA11 /* CodeBuilder.swift */; };
		89C7BDDF2B14CAE00042DA11 /* DecoratorShapeProtocol.swift in Sources */ = {isa = PBXBuildFile; fileRef = 89C7BDDE2B14CAE00042DA11 /* DecoratorShapeProtocol.swift */; };
		89C7BDE12B14CB020042DA11 /* DecoratorCircle.swift in Sources */ = {isa = PBXBuildFile; fileRef = 89C7BDE02B14CB020042DA11 /* DecoratorCircle.swift */; };
		89C7BDE32B14CB320042DA11 /* DecoratorSquare.swift in Sources */ = {isa = PBXBuildFile; fileRef = 89C7BDE22B14CB320042DA11 /* DecoratorSquare.swift */; };
		89C7BDE52B14CB4B0042DA11 /* ColoredShape.swift in Sources */ = {isa = PBXBuildFile; fileRef = 89C7BDE42B14CB4B0042DA11 /* ColoredShape.swift */; };
		89C7BDE72B14CB720042DA11 /* TransparentShape.swift in Sources */ = {isa = PBXBuildFile; fileRef = 89C7BDE62B14CB720042DA11 /* TransparentShape.swift */; };
		89C7BDEA2B14CEE50042DA11 /* Buffer.swift in Sources */ = {isa = PBXBuildFile; fileRef = 89C7BDE92B14CEE50042DA11 /* Buffer.swift */; };
		89C7BDEC2B14CF040042DA11 /* ViewPort.swift in Sources */ = {isa = PBXBuildFile; fileRef = 89C7BDEB2B14CF040042DA11 /* ViewPort.swift */; };
		89C7BDEE2B14CF180042DA11 /* Console.swift in Sources */ = {isa = PBXBuildFile; fileRef = 89C7BDED2B14CF180042DA11 /* Console.swift */; };
		89C7BDF12B161E150042DA11 /* User.swift in Sources */ = {isa = PBXBuildFile; fileRef = 89C7BDF02B161E150042DA11 /* User.swift */; };
		89C7BDF32B161E200042DA11 /* FlyweightUser.swift in Sources */ = {isa = PBXBuildFile; fileRef = 89C7BDF22B161E200042DA11 /* FlyweightUser.swift */; };
		89C7BDF72B1621CD0042DA11 /* VehicleProtocol.swift in Sources */ = {isa = PBXBuildFile; fileRef = 89C7BDF62B1621CD0042DA11 /* VehicleProtocol.swift */; };
		89C7BDF92B1621E80042DA11 /* Car.swift in Sources */ = {isa = PBXBuildFile; fileRef = 89C7BDF82B1621E80042DA11 /* Car.swift */; };
		89C7BDFB2B1622020042DA11 /* CarProxy.swift in Sources */ = {isa = PBXBuildFile; fileRef = 89C7BDFA2B1622020042DA11 /* CarProxy.swift */; };
		89C7BDFD2B1622150042DA11 /* Driver.swift in Sources */ = {isa = PBXBuildFile; fileRef = 89C7BDFC2B1622150042DA11 /* Driver.swift */; };
		89C7BE012B175F450042DA11 /* Creature.swift in Sources */ = {isa = PBXBuildFile; fileRef = 89C7BE002B175F450042DA11 /* Creature.swift */; };
		89C7BE032B175F5D0042DA11 /* CreatureModifier.swift in Sources */ = {isa = PBXBuildFile; fileRef = 89C7BE022B175F5D0042DA11 /* CreatureModifier.swift */; };
		89C7BE052B175F890042DA11 /* DoubleAttackModifier.swift in Sources */ = {isa = PBXBuildFile; fileRef = 89C7BE042B175F890042DA11 /* DoubleAttackModifier.swift */; };
		89C7BE072B175FA30042DA11 /* IncreaseDefenseModifier.swift in Sources */ = {isa = PBXBuildFile; fileRef = 89C7BE062B175FA30042DA11 /* IncreaseDefenseModifier.swift */; };
		89C7BE092B175FC40042DA11 /* NoBonusModifier.swift in Sources */ = {isa = PBXBuildFile; fileRef = 89C7BE082B175FC40042DA11 /* NoBonusModifier.swift */; };
		89C7BE0C2B1764140042DA11 /* BankAccount.swift in Sources */ = {isa = PBXBuildFile; fileRef = 89C7BE0B2B1764140042DA11 /* BankAccount.swift */; };
		89C7BE0E2B1764580042DA11 /* BankAccountCommand.swift in Sources */ = {isa = PBXBuildFile; fileRef = 89C7BE0D2B1764580042DA11 /* BankAccountCommand.swift */; };
		89C7BE102B17647D0042DA11 /* CommandProtocol.swift in Sources */ = {isa = PBXBuildFile; fileRef = 89C7BE0F2B17647D0042DA11 /* CommandProtocol.swift */; };
		89C7BE132B477E840042DA11 /* mediatorPerson.swift in Sources */ = {isa = PBXBuildFile; fileRef = 89C7BE122B477E840042DA11 /* mediatorPerson.swift */; };
		89C7BE152B477E9A0042DA11 /* ChatRoom.swift in Sources */ = {isa = PBXBuildFile; fileRef = 89C7BE142B477E9A0042DA11 /* ChatRoom.swift */; };
		89C7BE182B4C265A0042DA11 /* Memento.swift in Sources */ = {isa = PBXBuildFile; fileRef = 89C7BE172B4C265A0042DA11 /* Memento.swift */; };
		89C7BE1A2B4C26870042DA11 /* BankAccountMemento.swift in Sources */ = {isa = PBXBuildFile; fileRef = 89C7BE192B4C26870042DA11 /* BankAccountMemento.swift */; };
		89C7BE1D2B4C285B0042DA11 /* State.swift in Sources */ = {isa = PBXBuildFile; fileRef = 89C7BE1C2B4C285B0042DA11 /* State.swift */; };
		89C7BE202B4C2A8F0042DA11 /* ListStrategy.swift in Sources */ = {isa = PBXBuildFile; fileRef = 89C7BE1F2B4C2A8F0042DA11 /* ListStrategy.swift */; };
		89C7BE222B4C2ABE0042DA11 /* TextProcessor.swift in Sources */ = {isa = PBXBuildFile; fileRef = 89C7BE212B4C2ABE0042DA11 /* TextProcessor.swift */; };
		89C7BE252B4D97AC0042DA11 /* ObserverProtocols.swift in Sources */ = {isa = PBXBuildFile; fileRef = 89C7BE242B4D97AC0042DA11 /* ObserverProtocols.swift */; };
		89C7BE272B4D97CB0042DA11 /* Event.swift in Sources */ = {isa = PBXBuildFile; fileRef = 89C7BE262B4D97CB0042DA11 /* Event.swift */; };
		89C7BE292B4D97E00042DA11 /* Subscription.swift in Sources */ = {isa = PBXBuildFile; fileRef = 89C7BE282B4D97E00042DA11 /* Subscription.swift */; };
		89C7BE2B2B4D98490042DA11 /* Demo.swift in Sources */ = {isa = PBXBuildFile; fileRef = 89C7BE2A2B4D98490042DA11 /* Demo.swift */; };
		89C7BE2E2B4ECB5F0042DA11 /* Game.swift in Sources */ = {isa = PBXBuildFile; fileRef = 89C7BE2D2B4ECB5F0042DA11 /* Game.swift */; };
		89C7BE302B4ECBD00042DA11 /* Chess.swift in Sources */ = {isa = PBXBuildFile; fileRef = 89C7BE2F2B4ECBD00042DA11 /* Chess.swift */; };
/* End PBXBuildFile section */

/* Begin PBXFileReference section */
		897BE6462B025F7C00E7C9F5 /* DesignPatterns.app */ = {isa = PBXFileReference; explicitFileType = wrapper.application; includeInIndex = 0; path = DesignPatterns.app; sourceTree = BUILT_PRODUCTS_DIR; };
		897BE6492B025F7C00E7C9F5 /* DesignPatternsApp.swift */ = {isa = PBXFileReference; lastKnownFileType = sourcecode.swift; path = DesignPatternsApp.swift; sourceTree = "<group>"; };
		897BE64B2B025F7C00E7C9F5 /* ContentView.swift */ = {isa = PBXFileReference; lastKnownFileType = sourcecode.swift; path = ContentView.swift; sourceTree = "<group>"; };
		897BE64D2B025F7C00E7C9F5 /* Assets.xcassets */ = {isa = PBXFileReference; lastKnownFileType = folder.assetcatalog; path = Assets.xcassets; sourceTree = "<group>"; };
		897BE6502B025F7C00E7C9F5 /* Preview Assets.xcassets */ = {isa = PBXFileReference; lastKnownFileType = folder.assetcatalog; path = "Preview Assets.xcassets"; sourceTree = "<group>"; };
		897BE6592B02613900E7C9F5 /* HtmlElement.swift */ = {isa = PBXFileReference; lastKnownFileType = sourcecode.swift; path = HtmlElement.swift; sourceTree = "<group>"; };
		897BE65B2B0263C300E7C9F5 /* HtmlBuilder.swift */ = {isa = PBXFileReference; lastKnownFileType = sourcecode.swift; path = HtmlBuilder.swift; sourceTree = "<group>"; };
		897BE6602B0267C100E7C9F5 /* Person.swift */ = {isa = PBXFileReference; lastKnownFileType = sourcecode.swift; path = Person.swift; sourceTree = "<group>"; };
		897BE6622B02687500E7C9F5 /* PersonBuilder.swift */ = {isa = PBXFileReference; lastKnownFileType = sourcecode.swift; path = PersonBuilder.swift; sourceTree = "<group>"; };
		897BE6642B0268FA00E7C9F5 /* PersonAddressBuilder.swift */ = {isa = PBXFileReference; lastKnownFileType = sourcecode.swift; path = PersonAddressBuilder.swift; sourceTree = "<group>"; };
		897BE6662B0269AE00E7C9F5 /* PersonWorkBuilder.swift */ = {isa = PBXFileReference; lastKnownFileType = sourcecode.swift; path = PersonWorkBuilder.swift; sourceTree = "<group>"; };
		89C7BD9C2B02A0920042DA11 /* Point.swift */ = {isa = PBXFileReference; lastKnownFileType = sourcecode.swift; path = Point.swift; sourceTree = "<group>"; };
		89C7BD9E2B02A1F70042DA11 /* PointFactory.swift */ = {isa = PBXFileReference; lastKnownFileType = sourcecode.swift; path = PointFactory.swift; sourceTree = "<group>"; };
		89C7BDA12B02A6170042DA11 /* Protocols.swift */ = {isa = PBXFileReference; lastKnownFileType = sourcecode.swift; path = Protocols.swift; sourceTree = "<group>"; };
		89C7BDA32B02A66B0042DA11 /* Tea.swift */ = {isa = PBXFileReference; lastKnownFileType = sourcecode.swift; path = Tea.swift; sourceTree = "<group>"; };
		89C7BDA52B02A6920042DA11 /* Coffee.swift */ = {isa = PBXFileReference; lastKnownFileType = sourcecode.swift; path = Coffee.swift; sourceTree = "<group>"; };
		89C7BDA72B02A6C70042DA11 /* TeaFactory.swift */ = {isa = PBXFileReference; lastKnownFileType = sourcecode.swift; path = TeaFactory.swift; sourceTree = "<group>"; };
		89C7BDA92B02A6FC0042DA11 /* CoffeeFactory.swift */ = {isa = PBXFileReference; lastKnownFileType = sourcecode.swift; path = CoffeeFactory.swift; sourceTree = "<group>"; };
		89C7BDAB2B02A7770042DA11 /* HotDrinkMachine.swift */ = {isa = PBXFileReference; lastKnownFileType = sourcecode.swift; path = HotDrinkMachine.swift; sourceTree = "<group>"; };
		89C7BDAE2B02CFF50042DA11 /* Copying.swift */ = {isa = PBXFileReference; lastKnownFileType = sourcecode.swift; path = Copying.swift; sourceTree = "<group>"; };
		89C7BDB02B02D02C0042DA11 /* Address.swift */ = {isa = PBXFileReference; lastKnownFileType = sourcecode.swift; path = Address.swift; sourceTree = "<group>"; };
		89C7BDB22B02D0B80042DA11 /* Employee.swift */ = {isa = PBXFileReference; lastKnownFileType = sourcecode.swift; path = Employee.swift; sourceTree = "<group>"; };
		89C7BDB52B06D7190042DA11 /* SingletonDatabase.swift */ = {isa = PBXFileReference; lastKnownFileType = sourcecode.swift; path = SingletonDatabase.swift; sourceTree = "<group>"; };
		89C7BDB72B06DA650042DA11 /* Monostate.swift */ = {isa = PBXFileReference; lastKnownFileType = sourcecode.swift; path = Monostate.swift; sourceTree = "<group>"; };
		89C7BDBB2B07AD480042DA11 /* Point.swift */ = {isa = PBXFileReference; lastKnownFileType = sourcecode.swift; path = Point.swift; sourceTree = "<group>"; };
		89C7BDBD2B07AD9F0042DA11 /* Line.swift */ = {isa = PBXFileReference; lastKnownFileType = sourcecode.swift; path = Line.swift; sourceTree = "<group>"; };
		89C7BDBF2B07ADF30042DA11 /* VectorObject.swift */ = {isa = PBXFileReference; lastKnownFileType = sourcecode.swift; path = VectorObject.swift; sourceTree = "<group>"; };
		89C7BDC12B07AF950042DA11 /* VectorRectangle.swift */ = {isa = PBXFileReference; lastKnownFileType = sourcecode.swift; path = VectorRectangle.swift; sourceTree = "<group>"; };
		89C7BDC32B07B0700042DA11 /* LineToPointAdapter.swift */ = {isa = PBXFileReference; lastKnownFileType = sourcecode.swift; path = LineToPointAdapter.swift; sourceTree = "<group>"; };
		89C7BDC62B07B5E80042DA11 /* RendererProtocol.swift */ = {isa = PBXFileReference; lastKnownFileType = sourcecode.swift; path = RendererProtocol.swift; sourceTree = "<group>"; };
		89C7BDC82B07B61D0042DA11 /* VectorRenderer.swift */ = {isa = PBXFileReference; lastKnownFileType = sourcecode.swift; path = VectorRenderer.swift; sourceTree = "<group>"; };
		89C7BDCA2B07B66B0042DA11 /* RasterRenderer.swift */ = {isa = PBXFileReference; lastKnownFileType = sourcecode.swift; path = RasterRenderer.swift; sourceTree = "<group>"; };
		89C7BDCC2B07B6A90042DA11 /* ShapeProtocol.swift */ = {isa = PBXFileReference; lastKnownFileType = sourcecode.swift; path = ShapeProtocol.swift; sourceTree = "<group>"; };
		89C7BDCE2B07B6C70042DA11 /* Circle.swift */ = {isa = PBXFileReference; lastKnownFileType = sourcecode.swift; path = Circle.swift; sourceTree = "<group>"; };
		89C7BDD32B10E2010042DA11 /* GraphicObject.swift */ = {isa = PBXFileReference; lastKnownFileType = sourcecode.swift; path = GraphicObject.swift; sourceTree = "<group>"; };
		89C7BDD52B10E22C0042DA11 /* Circle.swift */ = {isa = PBXFileReference; lastKnownFileType = sourcecode.swift; path = Circle.swift; sourceTree = "<group>"; };
		89C7BDD72B10E2590042DA11 /* Square.swift */ = {isa = PBXFileReference; lastKnownFileType = sourcecode.swift; path = Square.swift; sourceTree = "<group>"; };
		89C7BDDB2B14C7930042DA11 /* CodeBuilder.swift */ = {isa = PBXFileReference; lastKnownFileType = sourcecode.swift; path = CodeBuilder.swift; sourceTree = "<group>"; };
		89C7BDDE2B14CAE00042DA11 /* DecoratorShapeProtocol.swift */ = {isa = PBXFileReference; lastKnownFileType = sourcecode.swift; path = DecoratorShapeProtocol.swift; sourceTree = "<group>"; };
		89C7BDE02B14CB020042DA11 /* DecoratorCircle.swift */ = {isa = PBXFileReference; lastKnownFileType = sourcecode.swift; path = DecoratorCircle.swift; sourceTree = "<group>"; };
		89C7BDE22B14CB320042DA11 /* DecoratorSquare.swift */ = {isa = PBXFileReference; lastKnownFileType = sourcecode.swift; path = DecoratorSquare.swift; sourceTree = "<group>"; };
		89C7BDE42B14CB4B0042DA11 /* ColoredShape.swift */ = {isa = PBXFileReference; lastKnownFileType = sourcecode.swift; path = ColoredShape.swift; sourceTree = "<group>"; };
		89C7BDE62B14CB720042DA11 /* TransparentShape.swift */ = {isa = PBXFileReference; lastKnownFileType = sourcecode.swift; path = TransparentShape.swift; sourceTree = "<group>"; };
		89C7BDE92B14CEE50042DA11 /* Buffer.swift */ = {isa = PBXFileReference; lastKnownFileType = sourcecode.swift; path = Buffer.swift; sourceTree = "<group>"; };
		89C7BDEB2B14CF040042DA11 /* ViewPort.swift */ = {isa = PBXFileReference; lastKnownFileType = sourcecode.swift; path = ViewPort.swift; sourceTree = "<group>"; };
		89C7BDED2B14CF180042DA11 /* Console.swift */ = {isa = PBXFileReference; lastKnownFileType = sourcecode.swift; path = Console.swift; sourceTree = "<group>"; };
		89C7BDF02B161E150042DA11 /* User.swift */ = {isa = PBXFileReference; lastKnownFileType = sourcecode.swift; path = User.swift; sourceTree = "<group>"; };
		89C7BDF22B161E200042DA11 /* FlyweightUser.swift */ = {isa = PBXFileReference; lastKnownFileType = sourcecode.swift; path = FlyweightUser.swift; sourceTree = "<group>"; };
		89C7BDF62B1621CD0042DA11 /* VehicleProtocol.swift */ = {isa = PBXFileReference; lastKnownFileType = sourcecode.swift; path = VehicleProtocol.swift; sourceTree = "<group>"; };
		89C7BDF82B1621E80042DA11 /* Car.swift */ = {isa = PBXFileReference; lastKnownFileType = sourcecode.swift; path = Car.swift; sourceTree = "<group>"; };
		89C7BDFA2B1622020042DA11 /* CarProxy.swift */ = {isa = PBXFileReference; lastKnownFileType = sourcecode.swift; path = CarProxy.swift; sourceTree = "<group>"; };
		89C7BDFC2B1622150042DA11 /* Driver.swift */ = {isa = PBXFileReference; lastKnownFileType = sourcecode.swift; path = Driver.swift; sourceTree = "<group>"; };
		89C7BE002B175F450042DA11 /* Creature.swift */ = {isa = PBXFileReference; lastKnownFileType = sourcecode.swift; path = Creature.swift; sourceTree = "<group>"; };
		89C7BE022B175F5D0042DA11 /* CreatureModifier.swift */ = {isa = PBXFileReference; lastKnownFileType = sourcecode.swift; path = CreatureModifier.swift; sourceTree = "<group>"; };
		89C7BE042B175F890042DA11 /* DoubleAttackModifier.swift */ = {isa = PBXFileReference; lastKnownFileType = sourcecode.swift; path = DoubleAttackModifier.swift; sourceTree = "<group>"; };
		89C7BE062B175FA30042DA11 /* IncreaseDefenseModifier.swift */ = {isa = PBXFileReference; lastKnownFileType = sourcecode.swift; path = IncreaseDefenseModifier.swift; sourceTree = "<group>"; };
		89C7BE082B175FC40042DA11 /* NoBonusModifier.swift */ = {isa = PBXFileReference; lastKnownFileType = sourcecode.swift; path = NoBonusModifier.swift; sourceTree = "<group>"; };
		89C7BE0B2B1764140042DA11 /* BankAccount.swift */ = {isa = PBXFileReference; lastKnownFileType = sourcecode.swift; path = BankAccount.swift; sourceTree = "<group>"; };
		89C7BE0D2B1764580042DA11 /* BankAccountCommand.swift */ = {isa = PBXFileReference; lastKnownFileType = sourcecode.swift; path = BankAccountCommand.swift; sourceTree = "<group>"; };
		89C7BE0F2B17647D0042DA11 /* CommandProtocol.swift */ = {isa = PBXFileReference; lastKnownFileType = sourcecode.swift; path = CommandProtocol.swift; sourceTree = "<group>"; };
		89C7BE122B477E840042DA11 /* mediatorPerson.swift */ = {isa = PBXFileReference; lastKnownFileType = sourcecode.swift; path = mediatorPerson.swift; sourceTree = "<group>"; };
		89C7BE142B477E9A0042DA11 /* ChatRoom.swift */ = {isa = PBXFileReference; lastKnownFileType = sourcecode.swift; path = ChatRoom.swift; sourceTree = "<group>"; };
		89C7BE172B4C265A0042DA11 /* Memento.swift */ = {isa = PBXFileReference; lastKnownFileType = sourcecode.swift; path = Memento.swift; sourceTree = "<group>"; };
		89C7BE192B4C26870042DA11 /* BankAccountMemento.swift */ = {isa = PBXFileReference; lastKnownFileType = sourcecode.swift; path = BankAccountMemento.swift; sourceTree = "<group>"; };
		89C7BE1C2B4C285B0042DA11 /* State.swift */ = {isa = PBXFileReference; lastKnownFileType = sourcecode.swift; path = State.swift; sourceTree = "<group>"; };
		89C7BE1F2B4C2A8F0042DA11 /* ListStrategy.swift */ = {isa = PBXFileReference; lastKnownFileType = sourcecode.swift; path = ListStrategy.swift; sourceTree = "<group>"; };
		89C7BE212B4C2ABE0042DA11 /* TextProcessor.swift */ = {isa = PBXFileReference; lastKnownFileType = sourcecode.swift; path = TextProcessor.swift; sourceTree = "<group>"; };
		89C7BE242B4D97AC0042DA11 /* ObserverProtocols.swift */ = {isa = PBXFileReference; lastKnownFileType = sourcecode.swift; path = ObserverProtocols.swift; sourceTree = "<group>"; };
		89C7BE262B4D97CB0042DA11 /* Event.swift */ = {isa = PBXFileReference; lastKnownFileType = sourcecode.swift; path = Event.swift; sourceTree = "<group>"; };
		89C7BE282B4D97E00042DA11 /* Subscription.swift */ = {isa = PBXFileReference; lastKnownFileType = sourcecode.swift; path = Subscription.swift; sourceTree = "<group>"; };
		89C7BE2A2B4D98490042DA11 /* Demo.swift */ = {isa = PBXFileReference; lastKnownFileType = sourcecode.swift; path = Demo.swift; sourceTree = "<group>"; };
		89C7BE2D2B4ECB5F0042DA11 /* Game.swift */ = {isa = PBXFileReference; lastKnownFileType = sourcecode.swift; path = Game.swift; sourceTree = "<group>"; };
		89C7BE2F2B4ECBD00042DA11 /* Chess.swift */ = {isa = PBXFileReference; lastKnownFileType = sourcecode.swift; path = Chess.swift; sourceTree = "<group>"; };
/* End PBXFileReference section */

/* Begin PBXFrameworksBuildPhase section */
		897BE6432B025F7C00E7C9F5 /* Frameworks */ = {
			isa = PBXFrameworksBuildPhase;
			buildActionMask = 2147483647;
			files = (
			);
			runOnlyForDeploymentPostprocessing = 0;
		};
/* End PBXFrameworksBuildPhase section */

/* Begin PBXGroup section */
		897BE63D2B025F7C00E7C9F5 = {
			isa = PBXGroup;
			children = (
				897BE6482B025F7C00E7C9F5 /* DesignPatterns */,
				897BE6472B025F7C00E7C9F5 /* Products */,
			);
			sourceTree = "<group>";
		};
		897BE6472B025F7C00E7C9F5 /* Products */ = {
			isa = PBXGroup;
			children = (
				897BE6462B025F7C00E7C9F5 /* DesignPatterns.app */,
			);
			name = Products;
			sourceTree = "<group>";
		};
		897BE6482B025F7C00E7C9F5 /* DesignPatterns */ = {
			isa = PBXGroup;
			children = (
				897BE65D2B0265CD00E7C9F5 /* App */,
				897BE64D2B025F7C00E7C9F5 /* Assets.xcassets */,
				89C7BDFE2B175F070042DA11 /* Behavioral Patterns */,
				897BE6572B025FEB00E7C9F5 /* CreationalPatterns */,
				897BE64F2B025F7C00E7C9F5 /* Preview Content */,
				89C7BDB92B07AC550042DA11 /* StructuralPatterns */,
			);
			path = DesignPatterns;
			sourceTree = "<group>";
		};
		897BE64F2B025F7C00E7C9F5 /* Preview Content */ = {
			isa = PBXGroup;
			children = (
				897BE6502B025F7C00E7C9F5 /* Preview Assets.xcassets */,
			);
			path = "Preview Content";
			sourceTree = "<group>";
		};
		897BE6572B025FEB00E7C9F5 /* CreationalPatterns */ = {
			isa = PBXGroup;
			children = (
				897BE6582B02612900E7C9F5 /* Builder */,
				89C7BD9A2B029F210042DA11 /* Factories */,
				89C7BDAD2B02C9100042DA11 /* Prototype */,
				89C7BDB42B06D6720042DA11 /* Singleton */,
			);
			path = CreationalPatterns;
			sourceTree = "<group>";
		};
		897BE6582B02612900E7C9F5 /* Builder */ = {
			isa = PBXGroup;
			children = (
				897BE65F2B02679F00E7C9F5 /* Person Builder */,
				897BE65E2B02679400E7C9F5 /* Html Builder */,
			);
			path = Builder;
			sourceTree = "<group>";
		};
		897BE65D2B0265CD00E7C9F5 /* App */ = {
			isa = PBXGroup;
			children = (
				897BE6492B025F7C00E7C9F5 /* DesignPatternsApp.swift */,
				897BE64B2B025F7C00E7C9F5 /* ContentView.swift */,
			);
			path = App;
			sourceTree = "<group>";
		};
		897BE65E2B02679400E7C9F5 /* Html Builder */ = {
			isa = PBXGroup;
			children = (
				897BE65B2B0263C300E7C9F5 /* HtmlBuilder.swift */,
				897BE6592B02613900E7C9F5 /* HtmlElement.swift */,
			);
			path = "Html Builder";
			sourceTree = "<group>";
		};
		897BE65F2B02679F00E7C9F5 /* Person Builder */ = {
			isa = PBXGroup;
			children = (
				897BE6602B0267C100E7C9F5 /* Person.swift */,
				897BE6622B02687500E7C9F5 /* PersonBuilder.swift */,
				897BE6642B0268FA00E7C9F5 /* PersonAddressBuilder.swift */,
				897BE6662B0269AE00E7C9F5 /* PersonWorkBuilder.swift */,
			);
			path = "Person Builder";
			sourceTree = "<group>";
		};
		89C7BD9A2B029F210042DA11 /* Factories */ = {
			isa = PBXGroup;
			children = (
				89C7BDA02B02A43F0042DA11 /* Abstract Factory */,
				89C7BD9B2B02A0740042DA11 /* Concrete Factory */,
			);
			path = Factories;
			sourceTree = "<group>";
		};
		89C7BD9B2B02A0740042DA11 /* Concrete Factory */ = {
			isa = PBXGroup;
			children = (
				89C7BD9C2B02A0920042DA11 /* Point.swift */,
				89C7BD9E2B02A1F70042DA11 /* PointFactory.swift */,
			);
			path = "Concrete Factory";
			sourceTree = "<group>";
		};
		89C7BDA02B02A43F0042DA11 /* Abstract Factory */ = {
			isa = PBXGroup;
			children = (
				89C7BDA12B02A6170042DA11 /* Protocols.swift */,
				89C7BDA32B02A66B0042DA11 /* Tea.swift */,
				89C7BDA52B02A6920042DA11 /* Coffee.swift */,
				89C7BDA72B02A6C70042DA11 /* TeaFactory.swift */,
				89C7BDA92B02A6FC0042DA11 /* CoffeeFactory.swift */,
				89C7BDAB2B02A7770042DA11 /* HotDrinkMachine.swift */,
			);
			path = "Abstract Factory";
			sourceTree = "<group>";
		};
		89C7BDAD2B02C9100042DA11 /* Prototype */ = {
			isa = PBXGroup;
			children = (
				89C7BDAE2B02CFF50042DA11 /* Copying.swift */,
				89C7BDB02B02D02C0042DA11 /* Address.swift */,
				89C7BDB22B02D0B80042DA11 /* Employee.swift */,
			);
			path = Prototype;
			sourceTree = "<group>";
		};
		89C7BDB42B06D6720042DA11 /* Singleton */ = {
			isa = PBXGroup;
			children = (
				89C7BDB52B06D7190042DA11 /* SingletonDatabase.swift */,
				89C7BDB72B06DA650042DA11 /* Monostate.swift */,
			);
			path = Singleton;
			sourceTree = "<group>";
		};
		89C7BDB92B07AC550042DA11 /* StructuralPatterns */ = {
			isa = PBXGroup;
			children = (
				89C7BDBA2B07AC680042DA11 /* Adapter */,
				89C7BDC52B07B5820042DA11 /* Bridge */,
				89C7BDD02B10E1A90042DA11 /* Composite */,
				89C7BDD92B14C73E0042DA11 /* Decorator */,
				89C7BDE82B14CD500042DA11 /* Facade */,
				89C7BDEF2B161E0A0042DA11 /* Flyweight */,
				89C7BDF42B1620B30042DA11 /* Proxy */,
			);
			path = StructuralPatterns;
			sourceTree = "<group>";
		};
		89C7BDBA2B07AC680042DA11 /* Adapter */ = {
			isa = PBXGroup;
			children = (
				89C7BDBB2B07AD480042DA11 /* Point.swift */,
				89C7BDBD2B07AD9F0042DA11 /* Line.swift */,
				89C7BDBF2B07ADF30042DA11 /* VectorObject.swift */,
				89C7BDC12B07AF950042DA11 /* VectorRectangle.swift */,
				89C7BDC32B07B0700042DA11 /* LineToPointAdapter.swift */,
			);
			path = Adapter;
			sourceTree = "<group>";
		};
		89C7BDC52B07B5820042DA11 /* Bridge */ = {
			isa = PBXGroup;
			children = (
				89C7BDC62B07B5E80042DA11 /* RendererProtocol.swift */,
				89C7BDC82B07B61D0042DA11 /* VectorRenderer.swift */,
				89C7BDCA2B07B66B0042DA11 /* RasterRenderer.swift */,
				89C7BDCC2B07B6A90042DA11 /* ShapeProtocol.swift */,
				89C7BDCE2B07B6C70042DA11 /* Circle.swift */,
			);
			path = Bridge;
			sourceTree = "<group>";
		};
		89C7BDD02B10E1A90042DA11 /* Composite */ = {
			isa = PBXGroup;
			children = (
				89C7BDD32B10E2010042DA11 /* GraphicObject.swift */,
				89C7BDD52B10E22C0042DA11 /* Circle.swift */,
				89C7BDD72B10E2590042DA11 /* Square.swift */,
			);
			path = Composite;
			sourceTree = "<group>";
		};
		89C7BDD92B14C73E0042DA11 /* Decorator */ = {
			isa = PBXGroup;
			children = (
				89C7BDDD2B14CAC60042DA11 /* Shape decorator */,
				89C7BDDA2B14C7480042DA11 /* String decorator */,
			);
			path = Decorator;
			sourceTree = "<group>";
		};
		89C7BDDA2B14C7480042DA11 /* String decorator */ = {
			isa = PBXGroup;
			children = (
				89C7BDDB2B14C7930042DA11 /* CodeBuilder.swift */,
			);
			path = "String decorator";
			sourceTree = "<group>";
		};
		89C7BDDD2B14CAC60042DA11 /* Shape decorator */ = {
			isa = PBXGroup;
			children = (
				89C7BDDE2B14CAE00042DA11 /* DecoratorShapeProtocol.swift */,
				89C7BDE02B14CB020042DA11 /* DecoratorCircle.swift */,
				89C7BDE22B14CB320042DA11 /* DecoratorSquare.swift */,
				89C7BDE42B14CB4B0042DA11 /* ColoredShape.swift */,
				89C7BDE62B14CB720042DA11 /* TransparentShape.swift */,
			);
			path = "Shape decorator";
			sourceTree = "<group>";
		};
		89C7BDE82B14CD500042DA11 /* Facade */ = {
			isa = PBXGroup;
			children = (
				89C7BDE92B14CEE50042DA11 /* Buffer.swift */,
				89C7BDEB2B14CF040042DA11 /* ViewPort.swift */,
				89C7BDED2B14CF180042DA11 /* Console.swift */,
			);
			path = Facade;
			sourceTree = "<group>";
		};
		89C7BDEF2B161E0A0042DA11 /* Flyweight */ = {
			isa = PBXGroup;
			children = (
				89C7BDF02B161E150042DA11 /* User.swift */,
				89C7BDF22B161E200042DA11 /* FlyweightUser.swift */,
			);
			path = Flyweight;
			sourceTree = "<group>";
		};
		89C7BDF42B1620B30042DA11 /* Proxy */ = {
			isa = PBXGroup;
			children = (
				89C7BDF62B1621CD0042DA11 /* VehicleProtocol.swift */,
				89C7BDF82B1621E80042DA11 /* Car.swift */,
				89C7BDFA2B1622020042DA11 /* CarProxy.swift */,
				89C7BDFC2B1622150042DA11 /* Driver.swift */,
			);
			path = Proxy;
			sourceTree = "<group>";
		};
		89C7BDFE2B175F070042DA11 /* Behavioral Patterns */ = {
			isa = PBXGroup;
			children = (
				89C7BE2C2B4ECB390042DA11 /* Template */,
				89C7BE232B4D979B0042DA11 /* Observer */,
				89C7BE1E2B4C2A720042DA11 /* Strategy */,
				89C7BE1B2B4C28360042DA11 /* State */,
				89C7BE162B4C264A0042DA11 /* Memento */,
				89C7BE112B477E5E0042DA11 /* Mediator */,
				89C7BE0A2B1764080042DA11 /* Command */,
				89C7BDFF2B175F270042DA11 /* Chain of Responsability */,
			);
			path = "Behavioral Patterns";
			sourceTree = "<group>";
		};
		89C7BDFF2B175F270042DA11 /* Chain of Responsability */ = {
			isa = PBXGroup;
			children = (
				89C7BE002B175F450042DA11 /* Creature.swift */,
				89C7BE022B175F5D0042DA11 /* CreatureModifier.swift */,
				89C7BE042B175F890042DA11 /* DoubleAttackModifier.swift */,
				89C7BE062B175FA30042DA11 /* IncreaseDefenseModifier.swift */,
				89C7BE082B175FC40042DA11 /* NoBonusModifier.swift */,
			);
			path = "Chain of Responsability";
			sourceTree = "<group>";
		};
		89C7BE0A2B1764080042DA11 /* Command */ = {
			isa = PBXGroup;
			children = (
				89C7BE0B2B1764140042DA11 /* BankAccount.swift */,
				89C7BE0D2B1764580042DA11 /* BankAccountCommand.swift */,
				89C7BE0F2B17647D0042DA11 /* CommandProtocol.swift */,
			);
			path = Command;
			sourceTree = "<group>";
		};
		89C7BE112B477E5E0042DA11 /* Mediator */ = {
			isa = PBXGroup;
			children = (
				89C7BE122B477E840042DA11 /* mediatorPerson.swift */,
				89C7BE142B477E9A0042DA11 /* ChatRoom.swift */,
			);
			path = Mediator;
			sourceTree = "<group>";
		};
		89C7BE162B4C264A0042DA11 /* Memento */ = {
			isa = PBXGroup;
			children = (
				89C7BE172B4C265A0042DA11 /* Memento.swift */,
				89C7BE192B4C26870042DA11 /* BankAccountMemento.swift */,
			);
			path = Memento;
			sourceTree = "<group>";
		};
		89C7BE1B2B4C28360042DA11 /* State */ = {
			isa = PBXGroup;
			children = (
				89C7BE1C2B4C285B0042DA11 /* State.swift */,
			);
			path = State;
			sourceTree = "<group>";
		};
		89C7BE1E2B4C2A720042DA11 /* Strategy */ = {
			isa = PBXGroup;
			children = (
				89C7BE1F2B4C2A8F0042DA11 /* ListStrategy.swift */,
				89C7BE212B4C2ABE0042DA11 /* TextProcessor.swift */,
			);
			path = Strategy;
			sourceTree = "<group>";
		};
		89C7BE232B4D979B0042DA11 /* Observer */ = {
			isa = PBXGroup;
			children = (
				89C7BE242B4D97AC0042DA11 /* ObserverProtocols.swift */,
				89C7BE262B4D97CB0042DA11 /* Event.swift */,
				89C7BE282B4D97E00042DA11 /* Subscription.swift */,
				89C7BE2A2B4D98490042DA11 /* Demo.swift */,
			);
			path = Observer;
			sourceTree = "<group>";
		};
		89C7BE2C2B4ECB390042DA11 /* Template */ = {
			isa = PBXGroup;
			children = (
				89C7BE2D2B4ECB5F0042DA11 /* Game.swift */,
				89C7BE2F2B4ECBD00042DA11 /* Chess.swift */,
			);
			path = Template;
			sourceTree = "<group>";
		};
/* End PBXGroup section */

/* Begin PBXNativeTarget section */
		897BE6452B025F7C00E7C9F5 /* DesignPatterns */ = {
			isa = PBXNativeTarget;
			buildConfigurationList = 897BE6542B025F7C00E7C9F5 /* Build configuration list for PBXNativeTarget "DesignPatterns" */;
			buildPhases = (
				897BE6422B025F7C00E7C9F5 /* Sources */,
				897BE6432B025F7C00E7C9F5 /* Frameworks */,
				897BE6442B025F7C00E7C9F5 /* Resources */,
			);
			buildRules = (
			);
			dependencies = (
			);
			name = DesignPatterns;
			productName = DesignPatterns;
			productReference = 897BE6462B025F7C00E7C9F5 /* DesignPatterns.app */;
			productType = "com.apple.product-type.application";
		};
/* End PBXNativeTarget section */

/* Begin PBXProject section */
		897BE63E2B025F7C00E7C9F5 /* Project object */ = {
			isa = PBXProject;
			attributes = {
				BuildIndependentTargetsInParallel = 1;
				LastSwiftUpdateCheck = 1400;
				LastUpgradeCheck = 1400;
				TargetAttributes = {
					897BE6452B025F7C00E7C9F5 = {
						CreatedOnToolsVersion = 14.0.1;
					};
				};
			};
			buildConfigurationList = 897BE6412B025F7C00E7C9F5 /* Build configuration list for PBXProject "DesignPatterns" */;
			compatibilityVersion = "Xcode 14.0";
			developmentRegion = en;
			hasScannedForEncodings = 0;
			knownRegions = (
				en,
				Base,
			);
			mainGroup = 897BE63D2B025F7C00E7C9F5;
			productRefGroup = 897BE6472B025F7C00E7C9F5 /* Products */;
			projectDirPath = "";
			projectRoot = "";
			targets = (
				897BE6452B025F7C00E7C9F5 /* DesignPatterns */,
			);
		};
/* End PBXProject section */

/* Begin PBXResourcesBuildPhase section */
		897BE6442B025F7C00E7C9F5 /* Resources */ = {
			isa = PBXResourcesBuildPhase;
			buildActionMask = 2147483647;
			files = (
				897BE6512B025F7C00E7C9F5 /* Preview Assets.xcassets in Resources */,
				897BE64E2B025F7C00E7C9F5 /* Assets.xcassets in Resources */,
			);
			runOnlyForDeploymentPostprocessing = 0;
		};
/* End PBXResourcesBuildPhase section */

/* Begin PBXSourcesBuildPhase section */
		897BE6422B025F7C00E7C9F5 /* Sources */ = {
			isa = PBXSourcesBuildPhase;
			buildActionMask = 2147483647;
			files = (
				89C7BDB12B02D02C0042DA11 /* Address.swift in Sources */,
				89C7BDFD2B1622150042DA11 /* Driver.swift in Sources */,
				89C7BDDF2B14CAE00042DA11 /* DecoratorShapeProtocol.swift in Sources */,
				89C7BDCB2B07B66B0042DA11 /* RasterRenderer.swift in Sources */,
				897BE6652B0268FA00E7C9F5 /* PersonAddressBuilder.swift in Sources */,
				89C7BDD42B10E2010042DA11 /* GraphicObject.swift in Sources */,
				89C7BDEC2B14CF040042DA11 /* ViewPort.swift in Sources */,
				897BE6632B02687500E7C9F5 /* PersonBuilder.swift in Sources */,
				89C7BE202B4C2A8F0042DA11 /* ListStrategy.swift in Sources */,
				897BE6612B0267C100E7C9F5 /* Person.swift in Sources */,
				89C7BDEE2B14CF180042DA11 /* Console.swift in Sources */,
				89C7BDA22B02A6170042DA11 /* Protocols.swift in Sources */,
				89C7BE052B175F890042DA11 /* DoubleAttackModifier.swift in Sources */,
				89C7BD9F2B02A1F70042DA11 /* PointFactory.swift in Sources */,
				89C7BE152B477E9A0042DA11 /* ChatRoom.swift in Sources */,
				89C7BDAF2B02CFF50042DA11 /* Copying.swift in Sources */,
				89C7BDB32B02D0B80042DA11 /* Employee.swift in Sources */,
				89C7BDC72B07B5E80042DA11 /* RendererProtocol.swift in Sources */,
				89C7BE292B4D97E00042DA11 /* Subscription.swift in Sources */,
				89C7BDC92B07B61D0042DA11 /* VectorRenderer.swift in Sources */,
				89C7BE222B4C2ABE0042DA11 /* TextProcessor.swift in Sources */,
				897BE6672B0269AE00E7C9F5 /* PersonWorkBuilder.swift in Sources */,
				89C7BE2E2B4ECB5F0042DA11 /* Game.swift in Sources */,
				89C7BE2B2B4D98490042DA11 /* Demo.swift in Sources */,
				89C7BDC42B07B0700042DA11 /* LineToPointAdapter.swift in Sources */,
				89C7BE0E2B1764580042DA11 /* BankAccountCommand.swift in Sources */,
				89C7BDA42B02A66B0042DA11 /* Tea.swift in Sources */,
				89C7BDDC2B14C7930042DA11 /* CodeBuilder.swift in Sources */,
				89C7BE302B4ECBD00042DA11 /* Chess.swift in Sources */,
				89C7BDB62B06D7190042DA11 /* SingletonDatabase.swift in Sources */,
				89C7BDB82B06DA650042DA11 /* Monostate.swift in Sources */,
				89C7BE092B175FC40042DA11 /* NoBonusModifier.swift in Sources */,
				89C7BDD62B10E22C0042DA11 /* Circle.swift in Sources */,
				897BE65C2B0263C300E7C9F5 /* HtmlBuilder.swift in Sources */,
				89C7BDAC2B02A7770042DA11 /* HotDrinkMachine.swift in Sources */,
				89C7BD9D2B02A0920042DA11 /* Point.swift in Sources */,
				89C7BE132B477E840042DA11 /* mediatorPerson.swift in Sources */,
				89C7BDE52B14CB4B0042DA11 /* ColoredShape.swift in Sources */,
				89C7BE272B4D97CB0042DA11 /* Event.swift in Sources */,
				89C7BDAA2B02A6FC0042DA11 /* CoffeeFactory.swift in Sources */,
				89C7BDD82B10E2590042DA11 /* Square.swift in Sources */,
				89C7BDF72B1621CD0042DA11 /* VehicleProtocol.swift in Sources */,
				89C7BE072B175FA30042DA11 /* IncreaseDefenseModifier.swift in Sources */,
				89C7BDF32B161E200042DA11 /* FlyweightUser.swift in Sources */,
				89C7BE032B175F5D0042DA11 /* CreatureModifier.swift in Sources */,
				89C7BDA82B02A6C70042DA11 /* TeaFactory.swift in Sources */,
				89C7BE1D2B4C285B0042DA11 /* State.swift in Sources */,
				897BE64C2B025F7C00E7C9F5 /* ContentView.swift in Sources */,
				89C7BE0C2B1764140042DA11 /* BankAccount.swift in Sources */,
				89C7BDBC2B07AD480042DA11 /* Point.swift in Sources */,
				89C7BE252B4D97AC0042DA11 /* ObserverProtocols.swift in Sources */,
				89C7BDFB2B1622020042DA11 /* CarProxy.swift in Sources */,
				89C7BE102B17647D0042DA11 /* CommandProtocol.swift in Sources */,
				89C7BDE32B14CB320042DA11 /* DecoratorSquare.swift in Sources */,
				89C7BDF12B161E150042DA11 /* User.swift in Sources */,
				89C7BDEA2B14CEE50042DA11 /* Buffer.swift in Sources */,
				89C7BE012B175F450042DA11 /* Creature.swift in Sources */,
				89C7BDA62B02A6920042DA11 /* Coffee.swift in Sources */,
				89C7BDBE2B07AD9F0042DA11 /* Line.swift in Sources */,
				897BE65A2B02613900E7C9F5 /* HtmlElement.swift in Sources */,
				89C7BDCF2B07B6C70042DA11 /* Circle.swift in Sources */,
				897BE64A2B025F7C00E7C9F5 /* DesignPatternsApp.swift in Sources */,
				89C7BDCD2B07B6A90042DA11 /* ShapeProtocol.swift in Sources */,
				89C7BDF92B1621E80042DA11 /* Car.swift in Sources */,
				89C7BE1A2B4C26870042DA11 /* BankAccountMemento.swift in Sources */,
				89C7BDE72B14CB720042DA11 /* TransparentShape.swift in Sources */,
				89C7BDE12B14CB020042DA11 /* DecoratorCircle.swift in Sources */,
				89C7BE182B4C265A0042DA11 /* Memento.swift in Sources */,
				89C7BDC22B07AF950042DA11 /* VectorRectangle.swift in Sources */,
				89C7BDC02B07ADF30042DA11 /* VectorObject.swift in Sources */,
			);
			runOnlyForDeploymentPostprocessing = 0;
		};
/* End PBXSourcesBuildPhase section */

/* Begin XCBuildConfiguration section */
		897BE6522B025F7C00E7C9F5 /* Debug */ = {
			isa = XCBuildConfiguration;
			buildSettings = {
				ALWAYS_SEARCH_USER_PATHS = NO;
				CLANG_ANALYZER_NONNULL = YES;
				CLANG_ANALYZER_NUMBER_OBJECT_CONVERSION = YES_AGGRESSIVE;
				CLANG_CXX_LANGUAGE_STANDARD = "gnu++20";
				CLANG_ENABLE_MODULES = YES;
				CLANG_ENABLE_OBJC_ARC = YES;
				CLANG_ENABLE_OBJC_WEAK = YES;
				CLANG_WARN_BLOCK_CAPTURE_AUTORELEASING = YES;
				CLANG_WARN_BOOL_CONVERSION = YES;
				CLANG_WARN_COMMA = YES;
				CLANG_WARN_CONSTANT_CONVERSION = YES;
				CLANG_WARN_DEPRECATED_OBJC_IMPLEMENTATIONS = YES;
				CLANG_WARN_DIRECT_OBJC_ISA_USAGE = YES_ERROR;
				CLANG_WARN_DOCUMENTATION_COMMENTS = YES;
				CLANG_WARN_EMPTY_BODY = YES;
				CLANG_WARN_ENUM_CONVERSION = YES;
				CLANG_WARN_INFINITE_RECURSION = YES;
				CLANG_WARN_INT_CONVERSION = YES;
				CLANG_WARN_NON_LITERAL_NULL_CONVERSION = YES;
				CLANG_WARN_OBJC_IMPLICIT_RETAIN_SELF = YES;
				CLANG_WARN_OBJC_LITERAL_CONVERSION = YES;
				CLANG_WARN_OBJC_ROOT_CLASS = YES_ERROR;
				CLANG_WARN_QUOTED_INCLUDE_IN_FRAMEWORK_HEADER = YES;
				CLANG_WARN_RANGE_LOOP_ANALYSIS = YES;
				CLANG_WARN_STRICT_PROTOTYPES = YES;
				CLANG_WARN_SUSPICIOUS_MOVE = YES;
				CLANG_WARN_UNGUARDED_AVAILABILITY = YES_AGGRESSIVE;
				CLANG_WARN_UNREACHABLE_CODE = YES;
				CLANG_WARN__DUPLICATE_METHOD_MATCH = YES;
				COPY_PHASE_STRIP = NO;
				DEBUG_INFORMATION_FORMAT = dwarf;
				ENABLE_STRICT_OBJC_MSGSEND = YES;
				ENABLE_TESTABILITY = YES;
				GCC_C_LANGUAGE_STANDARD = gnu11;
				GCC_DYNAMIC_NO_PIC = NO;
				GCC_NO_COMMON_BLOCKS = YES;
				GCC_OPTIMIZATION_LEVEL = 0;
				GCC_PREPROCESSOR_DEFINITIONS = (
					"DEBUG=1",
					"$(inherited)",
				);
				GCC_WARN_64_TO_32_BIT_CONVERSION = YES;
				GCC_WARN_ABOUT_RETURN_TYPE = YES_ERROR;
				GCC_WARN_UNDECLARED_SELECTOR = YES;
				GCC_WARN_UNINITIALIZED_AUTOS = YES_AGGRESSIVE;
				GCC_WARN_UNUSED_FUNCTION = YES;
				GCC_WARN_UNUSED_VARIABLE = YES;
				IPHONEOS_DEPLOYMENT_TARGET = 16.0;
				MTL_ENABLE_DEBUG_INFO = INCLUDE_SOURCE;
				MTL_FAST_MATH = YES;
				ONLY_ACTIVE_ARCH = YES;
				SDKROOT = iphoneos;
				SWIFT_ACTIVE_COMPILATION_CONDITIONS = DEBUG;
				SWIFT_OPTIMIZATION_LEVEL = "-Onone";
			};
			name = Debug;
		};
		897BE6532B025F7C00E7C9F5 /* Release */ = {
			isa = XCBuildConfiguration;
			buildSettings = {
				ALWAYS_SEARCH_USER_PATHS = NO;
				CLANG_ANALYZER_NONNULL = YES;
				CLANG_ANALYZER_NUMBER_OBJECT_CONVERSION = YES_AGGRESSIVE;
				CLANG_CXX_LANGUAGE_STANDARD = "gnu++20";
				CLANG_ENABLE_MODULES = YES;
				CLANG_ENABLE_OBJC_ARC = YES;
				CLANG_ENABLE_OBJC_WEAK = YES;
				CLANG_WARN_BLOCK_CAPTURE_AUTORELEASING = YES;
				CLANG_WARN_BOOL_CONVERSION = YES;
				CLANG_WARN_COMMA = YES;
				CLANG_WARN_CONSTANT_CONVERSION = YES;
				CLANG_WARN_DEPRECATED_OBJC_IMPLEMENTATIONS = YES;
				CLANG_WARN_DIRECT_OBJC_ISA_USAGE = YES_ERROR;
				CLANG_WARN_DOCUMENTATION_COMMENTS = YES;
				CLANG_WARN_EMPTY_BODY = YES;
				CLANG_WARN_ENUM_CONVERSION = YES;
				CLANG_WARN_INFINITE_RECURSION = YES;
				CLANG_WARN_INT_CONVERSION = YES;
				CLANG_WARN_NON_LITERAL_NULL_CONVERSION = YES;
				CLANG_WARN_OBJC_IMPLICIT_RETAIN_SELF = YES;
				CLANG_WARN_OBJC_LITERAL_CONVERSION = YES;
				CLANG_WARN_OBJC_ROOT_CLASS = YES_ERROR;
				CLANG_WARN_QUOTED_INCLUDE_IN_FRAMEWORK_HEADER = YES;
				CLANG_WARN_RANGE_LOOP_ANALYSIS = YES;
				CLANG_WARN_STRICT_PROTOTYPES = YES;
				CLANG_WARN_SUSPICIOUS_MOVE = YES;
				CLANG_WARN_UNGUARDED_AVAILABILITY = YES_AGGRESSIVE;
				CLANG_WARN_UNREACHABLE_CODE = YES;
				CLANG_WARN__DUPLICATE_METHOD_MATCH = YES;
				COPY_PHASE_STRIP = NO;
				DEBUG_INFORMATION_FORMAT = "dwarf-with-dsym";
				ENABLE_NS_ASSERTIONS = NO;
				ENABLE_STRICT_OBJC_MSGSEND = YES;
				GCC_C_LANGUAGE_STANDARD = gnu11;
				GCC_NO_COMMON_BLOCKS = YES;
				GCC_WARN_64_TO_32_BIT_CONVERSION = YES;
				GCC_WARN_ABOUT_RETURN_TYPE = YES_ERROR;
				GCC_WARN_UNDECLARED_SELECTOR = YES;
				GCC_WARN_UNINITIALIZED_AUTOS = YES_AGGRESSIVE;
				GCC_WARN_UNUSED_FUNCTION = YES;
				GCC_WARN_UNUSED_VARIABLE = YES;
				IPHONEOS_DEPLOYMENT_TARGET = 16.0;
				MTL_ENABLE_DEBUG_INFO = NO;
				MTL_FAST_MATH = YES;
				SDKROOT = iphoneos;
				SWIFT_COMPILATION_MODE = wholemodule;
				SWIFT_OPTIMIZATION_LEVEL = "-O";
				VALIDATE_PRODUCT = YES;
			};
			name = Release;
		};
		897BE6552B025F7C00E7C9F5 /* Debug */ = {
			isa = XCBuildConfiguration;
			buildSettings = {
				ASSETCATALOG_COMPILER_APPICON_NAME = AppIcon;
				ASSETCATALOG_COMPILER_GLOBAL_ACCENT_COLOR_NAME = AccentColor;
				CODE_SIGN_STYLE = Automatic;
				CURRENT_PROJECT_VERSION = 1;
				DEVELOPMENT_ASSET_PATHS = "\"DesignPatterns/Preview Content\"";
				DEVELOPMENT_TEAM = G4LBBXE2YU;
				ENABLE_PREVIEWS = YES;
				GENERATE_INFOPLIST_FILE = YES;
				INFOPLIST_KEY_UIApplicationSceneManifest_Generation = YES;
				INFOPLIST_KEY_UIApplicationSupportsIndirectInputEvents = YES;
				INFOPLIST_KEY_UILaunchScreen_Generation = YES;
				INFOPLIST_KEY_UISupportedInterfaceOrientations_iPad = "UIInterfaceOrientationPortrait UIInterfaceOrientationPortraitUpsideDown UIInterfaceOrientationLandscapeLeft UIInterfaceOrientationLandscapeRight";
				INFOPLIST_KEY_UISupportedInterfaceOrientations_iPhone = "UIInterfaceOrientationPortrait UIInterfaceOrientationLandscapeLeft UIInterfaceOrientationLandscapeRight";
				LD_RUNPATH_SEARCH_PATHS = (
					"$(inherited)",
					"@executable_path/Frameworks",
				);
				MARKETING_VERSION = 1.0;
				PRODUCT_BUNDLE_IDENTIFIER = com.carvalhosrafa.DesignPatterns;
				PRODUCT_NAME = "$(TARGET_NAME)";
				SWIFT_EMIT_LOC_STRINGS = YES;
				SWIFT_VERSION = 5.0;
				TARGETED_DEVICE_FAMILY = "1,2";
			};
			name = Debug;
		};
		897BE6562B025F7C00E7C9F5 /* Release */ = {
			isa = XCBuildConfiguration;
			buildSettings = {
				ASSETCATALOG_COMPILER_APPICON_NAME = AppIcon;
				ASSETCATALOG_COMPILER_GLOBAL_ACCENT_COLOR_NAME = AccentColor;
				CODE_SIGN_STYLE = Automatic;
				CURRENT_PROJECT_VERSION = 1;
				DEVELOPMENT_ASSET_PATHS = "\"DesignPatterns/Preview Content\"";
				DEVELOPMENT_TEAM = G4LBBXE2YU;
				ENABLE_PREVIEWS = YES;
				GENERATE_INFOPLIST_FILE = YES;
				INFOPLIST_KEY_UIApplicationSceneManifest_Generation = YES;
				INFOPLIST_KEY_UIApplicationSupportsIndirectInputEvents = YES;
				INFOPLIST_KEY_UILaunchScreen_Generation = YES;
				INFOPLIST_KEY_UISupportedInterfaceOrientations_iPad = "UIInterfaceOrientationPortrait UIInterfaceOrientationPortraitUpsideDown UIInterfaceOrientationLandscapeLeft UIInterfaceOrientationLandscapeRight";
				INFOPLIST_KEY_UISupportedInterfaceOrientations_iPhone = "UIInterfaceOrientationPortrait UIInterfaceOrientationLandscapeLeft UIInterfaceOrientationLandscapeRight";
				LD_RUNPATH_SEARCH_PATHS = (
					"$(inherited)",
					"@executable_path/Frameworks",
				);
				MARKETING_VERSION = 1.0;
				PRODUCT_BUNDLE_IDENTIFIER = com.carvalhosrafa.DesignPatterns;
				PRODUCT_NAME = "$(TARGET_NAME)";
				SWIFT_EMIT_LOC_STRINGS = YES;
				SWIFT_VERSION = 5.0;
				TARGETED_DEVICE_FAMILY = "1,2";
			};
			name = Release;
		};
/* End XCBuildConfiguration section */

/* Begin XCConfigurationList section */
		897BE6412B025F7C00E7C9F5 /* Build configuration list for PBXProject "DesignPatterns" */ = {
			isa = XCConfigurationList;
			buildConfigurations = (
				897BE6522B025F7C00E7C9F5 /* Debug */,
				897BE6532B025F7C00E7C9F5 /* Release */,
			);
			defaultConfigurationIsVisible = 0;
			defaultConfigurationName = Release;
		};
		897BE6542B025F7C00E7C9F5 /* Build configuration list for PBXNativeTarget "DesignPatterns" */ = {
			isa = XCConfigurationList;
			buildConfigurations = (
				897BE6552B025F7C00E7C9F5 /* Debug */,
				897BE6562B025F7C00E7C9F5 /* Release */,
			);
			defaultConfigurationIsVisible = 0;
			defaultConfigurationName = Release;
		};
/* End XCConfigurationList section */
	};
	rootObject = 897BE63E2B025F7C00E7C9F5 /* Project object */;
}
